// !$*UTF8*$!
{
	archiveVersion = 1;
	classes = {
	};
	objectVersion = 46;
	objects = {

/* Begin PBXBuildFile section */
		840905341D84083A00550B08 /* isound.cpp in Sources */ = {isa = PBXBuildFile; fileRef = 840905321D84083A00550B08 /* isound.cpp */; };
		8409053A1D840BD100550B08 /* theme.mp3 in Resources */ = {isa = PBXBuildFile; fileRef = 840905361D840BD100550B08 /* theme.mp3 */; };
		8409053B1D840BD100550B08 /* model_fragment.glsl in Resources */ = {isa = PBXBuildFile; fileRef = 840905381D840BD100550B08 /* model_fragment.glsl */; };
		8409053C1D840BD100550B08 /* model_vertex.glsl in Resources */ = {isa = PBXBuildFile; fileRef = 840905391D840BD100550B08 /* model_vertex.glsl */; };
		8409053F1D840C1D00550B08 /* ios_sound.mm in Sources */ = {isa = PBXBuildFile; fileRef = 8409053D1D840C1D00550B08 /* ios_sound.mm */; };
		840905411D840DCF00550B08 /* AudioToolbox.framework in Frameworks */ = {isa = PBXBuildFile; fileRef = 840905401D840DCF00550B08 /* AudioToolbox.framework */; };
		840905431D840E3100550B08 /* AVFoundation.framework in Frameworks */ = {isa = PBXBuildFile; fileRef = 840905421D840E3100550B08 /* AVFoundation.framework */; };
		840905451D840F4800550B08 /* coin.mp3 in Resources */ = {isa = PBXBuildFile; fileRef = 840905441D840F4800550B08 /* coin.mp3 */; };
		840905471D84109100550B08 /* game-over.mp3 in Resources */ = {isa = PBXBuildFile; fileRef = 840905461D84109100550B08 /* game-over.mp3 */; };
		840905491D84158B00550B08 /* menu.mp3 in Resources */ = {isa = PBXBuildFile; fileRef = 840905481D84158B00550B08 /* menu.mp3 */; };
		8409054C1D84342D00550B08 /* iscene.cpp in Sources */ = {isa = PBXBuildFile; fileRef = 8409054A1D84342D00550B08 /* iscene.cpp */; };
		840905621D8438AB00550B08 /* zgame_scene.cpp in Sources */ = {isa = PBXBuildFile; fileRef = 840905531D8438AB00550B08 /* zgame_scene.cpp */; };
		840905631D8438AB00550B08 /* zgame_scene_logic.cpp in Sources */ = {isa = PBXBuildFile; fileRef = 840905551D8438AB00550B08 /* zgame_scene_logic.cpp */; };
		840905641D8438AB00550B08 /* zscene_coin_object.cpp in Sources */ = {isa = PBXBuildFile; fileRef = 840905571D8438AB00550B08 /* zscene_coin_object.cpp */; };
		840905651D8438AB00550B08 /* zscene_hero_object.cpp in Sources */ = {isa = PBXBuildFile; fileRef = 840905591D8438AB00550B08 /* zscene_hero_object.cpp */; };
		840905671D8438AB00550B08 /* zscene_wall_object.cpp in Sources */ = {isa = PBXBuildFile; fileRef = 8409055D1D8438AB00550B08 /* zscene_wall_object.cpp */; };
		840905681D8438AB00550B08 /* zmenu_scene.cpp in Sources */ = {isa = PBXBuildFile; fileRef = 840905601D8438AB00550B08 /* zmenu_scene.cpp */; };
		8409056F1D8439D200550B08 /* ztext_widget.cpp in Sources */ = {isa = PBXBuildFile; fileRef = 8409056C1D8439D200550B08 /* ztext_widget.cpp */; };
		840905751D84538700550B08 /* zmodel.cpp in Sources */ = {isa = PBXBuildFile; fileRef = 840905711D84538700550B08 /* zmodel.cpp */; };
		840905761D84538700550B08 /* zmodel_builder.cpp in Sources */ = {isa = PBXBuildFile; fileRef = 840905731D84538700550B08 /* zmodel_builder.cpp */; };
		8409057C1D84587C00550B08 /* zwidget.cpp in Sources */ = {isa = PBXBuildFile; fileRef = 8409057A1D84587C00550B08 /* zwidget.cpp */; };
		8444507E1D8D4275006C8DD4 /* ianimation.cpp in Sources */ = {isa = PBXBuildFile; fileRef = 844450781D8D4275006C8DD4 /* ianimation.cpp */; };
		8444507F1D8D4275006C8DD4 /* zempty_animation.cpp in Sources */ = {isa = PBXBuildFile; fileRef = 8444507A1D8D4275006C8DD4 /* zempty_animation.cpp */; };
		844450801D8D4275006C8DD4 /* zscale_animation.cpp in Sources */ = {isa = PBXBuildFile; fileRef = 8444507C1D8D4275006C8DD4 /* zscale_animation.cpp */; };
		844450831D8D5766006C8DD4 /* zsingle_scale_animation.cpp in Sources */ = {isa = PBXBuildFile; fileRef = 844450821D8D5766006C8DD4 /* zsingle_scale_animation.cpp */; };
		844450861D8EC1DF006C8DD4 /* zplatform.cpp in Sources */ = {isa = PBXBuildFile; fileRef = 844450841D8EC1DF006C8DD4 /* zplatform.cpp */; };
		8444508C1D8ED5B2006C8DD4 /* zrecord.cpp in Sources */ = {isa = PBXBuildFile; fileRef = 8444508A1D8ED5B2006C8DD4 /* zrecord.cpp */; };
		845ABE251D7CAB9D00F564AC /* CMakeLists.txt in Resources */ = {isa = PBXBuildFile; fileRef = 845ABDF41D7CAB9D00F564AC /* CMakeLists.txt */; };
		845ABE261D7CAB9D00F564AC /* zframework.cpp in Sources */ = {isa = PBXBuildFile; fileRef = 845ABDF61D7CAB9D00F564AC /* zframework.cpp */; };
		845ABE2A1D7CAB9D00F564AC /* ibody.cpp in Sources */ = {isa = PBXBuildFile; fileRef = 845ABDFE1D7CAB9D00F564AC /* ibody.cpp */; };
		845ABE2B1D7CAB9D00F564AC /* zcircle_body.cpp in Sources */ = {isa = PBXBuildFile; fileRef = 845ABE011D7CAB9D00F564AC /* zcircle_body.cpp */; };
		845ABE2C1D7CAB9D00F564AC /* zrect_body.cpp in Sources */ = {isa = PBXBuildFile; fileRef = 845ABE031D7CAB9D00F564AC /* zrect_body.cpp */; };
		845ABE2D1D7CAB9D00F564AC /* zworld.cpp in Sources */ = {isa = PBXBuildFile; fileRef = 845ABE051D7CAB9D00F564AC /* zworld.cpp */; };
		845ABE2E1D7CAB9D00F564AC /* iresource.cpp in Sources */ = {isa = PBXBuildFile; fileRef = 845ABE081D7CAB9D00F564AC /* iresource.cpp */; };
		845ABE301D7CAB9D00F564AC /* zgles2_render.cpp in Sources */ = {isa = PBXBuildFile; fileRef = 845ABE0F1D7CAB9D00F564AC /* zgles2_render.cpp */; };
		845ABE311D7CAB9D00F564AC /* irender.cpp in Sources */ = {isa = PBXBuildFile; fileRef = 845ABE111D7CAB9D00F564AC /* irender.cpp */; };
		845ABE321D7CAB9D00F564AC /* zcolor.cpp in Sources */ = {isa = PBXBuildFile; fileRef = 845ABE131D7CAB9D00F564AC /* zcolor.cpp */; };
		845ABE371D7CAB9D00F564AC /* iscene_object.cpp in Sources */ = {isa = PBXBuildFile; fileRef = 845ABE1D1D7CAB9D00F564AC /* iscene_object.cpp */; };
		845ABE3E1D7CADC700F564AC /* zgame.cpp in Sources */ = {isa = PBXBuildFile; fileRef = 845ABE3C1D7CADC700F564AC /* zgame.cpp */; };
		846DDAFC1D7B058E00B57C22 /* main.m in Sources */ = {isa = PBXBuildFile; fileRef = 846DDAFB1D7B058E00B57C22 /* main.m */; };
		846DDAFF1D7B058F00B57C22 /* AppDelegate.mm in Sources */ = {isa = PBXBuildFile; fileRef = 846DDAFE1D7B058F00B57C22 /* AppDelegate.mm */; };
		846DDB0B1D7B058F00B57C22 /* Assets.xcassets in Resources */ = {isa = PBXBuildFile; fileRef = 846DDB0A1D7B058F00B57C22 /* Assets.xcassets */; };
		849580C81DA4D20300BEE7B0 /* zui_input.cpp in Sources */ = {isa = PBXBuildFile; fileRef = 849580C71DA4D20300BEE7B0 /* zui_input.cpp */; };
		84BBD9031D89C6970089A277 /* irenderable.cpp in Sources */ = {isa = PBXBuildFile; fileRef = 84BBD9011D89C6970089A277 /* irenderable.cpp */; };
		84BBD90D1D89C6A60089A277 /* idebug.cpp in Sources */ = {isa = PBXBuildFile; fileRef = 84BBD9051D89C6A60089A277 /* idebug.cpp */; };
		84BBD90E1D89C6A60089A277 /* zdebug.cpp in Sources */ = {isa = PBXBuildFile; fileRef = 84BBD9071D89C6A60089A277 /* zdebug.cpp */; };
		84BBD90F1D89C6A60089A277 /* zfps_calculator.cpp in Sources */ = {isa = PBXBuildFile; fileRef = 84BBD9091D89C6A60089A277 /* zfps_calculator.cpp */; };
		84BBD9101D89C6A60089A277 /* znodebug.cpp in Sources */ = {isa = PBXBuildFile; fileRef = 84BBD90B1D89C6A60089A277 /* znodebug.cpp */; };
		84BBD91C1D89C7240089A277 /* zmat33.cpp in Sources */ = {isa = PBXBuildFile; fileRef = 84BBD9131D89C7240089A277 /* zmat33.cpp */; };
		84BBD91D1D89C7240089A277 /* zvec2.cpp in Sources */ = {isa = PBXBuildFile; fileRef = 84BBD9171D89C7240089A277 /* zvec2.cpp */; };
		84BBD91E1D89C7240089A277 /* zvec3.cpp in Sources */ = {isa = PBXBuildFile; fileRef = 84BBD9191D89C7240089A277 /* zvec3.cpp */; };
		84BBD9211D89C7890089A277 /* zmenu_scene_block.cpp in Sources */ = {isa = PBXBuildFile; fileRef = 84BBD91F1D89C7890089A277 /* zmenu_scene_block.cpp */; };
		84BBD9231D89E4940089A277 /* zmat44.cpp in Sources */ = {isa = PBXBuildFile; fileRef = 84BBD9221D89E4940089A277 /* zmat44.cpp */; };
		84BBD9261D89E5180089A277 /* zvec4.cpp in Sources */ = {isa = PBXBuildFile; fileRef = 84BBD9241D89E5180089A277 /* zvec4.cpp */; };
		84BBD92B1D8B274D0089A277 /* zsize.cpp in Sources */ = {isa = PBXBuildFile; fileRef = 84BBD92A1D8B274D0089A277 /* zsize.cpp */; };
		84BBD92E1D8B346C0089A277 /* zrect.cpp in Sources */ = {isa = PBXBuildFile; fileRef = 84BBD92D1D8B346C0089A277 /* zrect.cpp */; };
		84BBD9311D8B37310089A277 /* zpoint.cpp in Sources */ = {isa = PBXBuildFile; fileRef = 84BBD92F1D8B37310089A277 /* zpoint.cpp */; };
		84BBD9371D8B52360089A277 /* zinput.cpp in Sources */ = {isa = PBXBuildFile; fileRef = 84BBD9361D8B52360089A277 /* zinput.cpp */; };
		84C9E0551D85435600517A16 /* zgles2_texture.cpp in Sources */ = {isa = PBXBuildFile; fileRef = 84C9E0531D85435600517A16 /* zgles2_texture.cpp */; };
		84E21E631D8C57D700C4F4B1 /* zprofiler.cpp in Sources */ = {isa = PBXBuildFile; fileRef = 84E21E621D8C57D700C4F4B1 /* zprofiler.cpp */; };
		84E21E671D8C580600C4F4B1 /* zscene_invisible_object.cpp in Sources */ = {isa = PBXBuildFile; fileRef = 84E21E651D8C580600C4F4B1 /* zscene_invisible_object.cpp */; };
		84E3F1FF1D7F32350062ADD6 /* zaabb.cpp in Sources */ = {isa = PBXBuildFile; fileRef = 84E3F1FD1D7F32350062ADD6 /* zaabb.cpp */; };
		84EE839B1D8596A000759455 /* alphabet.txt in Resources */ = {isa = PBXBuildFile; fileRef = 84EE839A1D8596A000759455 /* alphabet.txt */; };
		84EE83A11D85CB9500759455 /* zwidget_builder.cpp in Sources */ = {isa = PBXBuildFile; fileRef = 84EE839F1D85CB9500759455 /* zwidget_builder.cpp */; };
		84EE83A41D85F20200759455 /* zcolor_widget.cpp in Sources */ = {isa = PBXBuildFile; fileRef = 84EE83A21D85F20200759455 /* zcolor_widget.cpp */; };
		84F770D31D84720400BB2F5D /* LaunchScreen.storyboard in Resources */ = {isa = PBXBuildFile; fileRef = 84F770D11D84720400BB2F5D /* LaunchScreen.storyboard */; };
		84F770DC1D85210400BB2F5D /* zgles2_program.cpp in Sources */ = {isa = PBXBuildFile; fileRef = 84F770DA1D85210400BB2F5D /* zgles2_program.cpp */; };
		84F770DF1D85255A00BB2F5D /* widget_fragment.glsl in Resources */ = {isa = PBXBuildFile; fileRef = 84F770DD1D85255A00BB2F5D /* widget_fragment.glsl */; };
		84F770E01D85255A00BB2F5D /* widget_vertex.glsl in Resources */ = {isa = PBXBuildFile; fileRef = 84F770DE1D85255A00BB2F5D /* widget_vertex.glsl */; };
		84FD9AAB1D7B1AE200922F1D /* QuartzCore.framework in Frameworks */ = {isa = PBXBuildFile; fileRef = 84FD9AAA1D7B1AE200922F1D /* QuartzCore.framework */; };
		84FD9AAC1D7B1AE700922F1D /* UIKit.framework in Frameworks */ = {isa = PBXBuildFile; fileRef = 84FD9AA61D7B1AB300922F1D /* UIKit.framework */; };
		84FD9AAE1D7B1AED00922F1D /* Foundation.framework in Frameworks */ = {isa = PBXBuildFile; fileRef = 84FD9AAD1D7B1AED00922F1D /* Foundation.framework */; };
		84FD9AB21D7B1B0200922F1D /* OpenGLES.framework in Frameworks */ = {isa = PBXBuildFile; fileRef = 84FD9AB11D7B1B0200922F1D /* OpenGLES.framework */; };
		84FD9AF51D7B4E8000922F1D /* EAGlView.mm in Sources */ = {isa = PBXBuildFile; fileRef = 84FD9AF41D7B4E8000922F1D /* EAGlView.mm */; };
		84FD9B001D7B4FAA00922F1D /* GLViewController.mm in Sources */ = {isa = PBXBuildFile; fileRef = 84FD9AFF1D7B4FAA00922F1D /* GLViewController.mm */; };
		84FD9B141D7B597F00922F1D /* MainWindow.xib in Resources */ = {isa = PBXBuildFile; fileRef = 84FD9B121D7B597F00922F1D /* MainWindow.xib */; };
		84FD9B521D7C076000922F1D /* ios_resource.mm in Sources */ = {isa = PBXBuildFile; fileRef = 84FD9B511D7C076000922F1D /* ios_resource.mm */; };
/* End PBXBuildFile section */

/* Begin PBXFileReference section */
		840905321D84083A00550B08 /* isound.cpp */ = {isa = PBXFileReference; fileEncoding = 4; lastKnownFileType = sourcecode.cpp.cpp; path = isound.cpp; sourceTree = "<group>"; };
		840905331D84083A00550B08 /* isound.h */ = {isa = PBXFileReference; fileEncoding = 4; lastKnownFileType = sourcecode.c.h; path = isound.h; sourceTree = "<group>"; };
		840905361D840BD100550B08 /* theme.mp3 */ = {isa = PBXFileReference; lastKnownFileType = audio.mp3; path = theme.mp3; sourceTree = "<group>"; };
		840905381D840BD100550B08 /* model_fragment.glsl */ = {isa = PBXFileReference; fileEncoding = 4; lastKnownFileType = text; path = model_fragment.glsl; sourceTree = "<group>"; };
		840905391D840BD100550B08 /* model_vertex.glsl */ = {isa = PBXFileReference; fileEncoding = 4; lastKnownFileType = text; path = model_vertex.glsl; sourceTree = "<group>"; };
		8409053D1D840C1D00550B08 /* ios_sound.mm */ = {isa = PBXFileReference; fileEncoding = 4; lastKnownFileType = sourcecode.cpp.objcpp; name = ios_sound.mm; path = zeptobird/ios_sound.mm; sourceTree = "<group>"; };
		8409053E1D840C1D00550B08 /* ios_sound.h */ = {isa = PBXFileReference; fileEncoding = 4; lastKnownFileType = sourcecode.c.h; name = ios_sound.h; path = zeptobird/ios_sound.h; sourceTree = "<group>"; };
		840905401D840DCF00550B08 /* AudioToolbox.framework */ = {isa = PBXFileReference; lastKnownFileType = wrapper.framework; name = AudioToolbox.framework; path = System/Library/Frameworks/AudioToolbox.framework; sourceTree = SDKROOT; };
		840905421D840E3100550B08 /* AVFoundation.framework */ = {isa = PBXFileReference; lastKnownFileType = wrapper.framework; name = AVFoundation.framework; path = System/Library/Frameworks/AVFoundation.framework; sourceTree = SDKROOT; };
		840905441D840F4800550B08 /* coin.mp3 */ = {isa = PBXFileReference; lastKnownFileType = audio.mp3; path = coin.mp3; sourceTree = "<group>"; };
		840905461D84109100550B08 /* game-over.mp3 */ = {isa = PBXFileReference; lastKnownFileType = audio.mp3; path = "game-over.mp3"; sourceTree = "<group>"; };
		840905481D84158B00550B08 /* menu.mp3 */ = {isa = PBXFileReference; lastKnownFileType = audio.mp3; path = menu.mp3; sourceTree = "<group>"; };
		8409054A1D84342D00550B08 /* iscene.cpp */ = {isa = PBXFileReference; fileEncoding = 4; lastKnownFileType = sourcecode.cpp.cpp; path = iscene.cpp; sourceTree = "<group>"; };
		8409054B1D84342D00550B08 /* iscene.h */ = {isa = PBXFileReference; fileEncoding = 4; lastKnownFileType = sourcecode.c.h; path = iscene.h; sourceTree = "<group>"; };
		8409054E1D84365700550B08 /* zsize.h */ = {isa = PBXFileReference; fileEncoding = 4; lastKnownFileType = sourcecode.c.h; path = zsize.h; sourceTree = "<group>"; };
		840905531D8438AB00550B08 /* zgame_scene.cpp */ = {isa = PBXFileReference; fileEncoding = 4; lastKnownFileType = sourcecode.cpp.cpp; path = zgame_scene.cpp; sourceTree = "<group>"; };
		840905541D8438AB00550B08 /* zgame_scene.h */ = {isa = PBXFileReference; fileEncoding = 4; lastKnownFileType = sourcecode.c.h; path = zgame_scene.h; sourceTree = "<group>"; };
		840905551D8438AB00550B08 /* zgame_scene_logic.cpp */ = {isa = PBXFileReference; fileEncoding = 4; lastKnownFileType = sourcecode.cpp.cpp; path = zgame_scene_logic.cpp; sourceTree = "<group>"; };
		840905561D8438AB00550B08 /* zgame_scene_logic.h */ = {isa = PBXFileReference; fileEncoding = 4; lastKnownFileType = sourcecode.c.h; path = zgame_scene_logic.h; sourceTree = "<group>"; };
		840905571D8438AB00550B08 /* zscene_coin_object.cpp */ = {isa = PBXFileReference; fileEncoding = 4; lastKnownFileType = sourcecode.cpp.cpp; path = zscene_coin_object.cpp; sourceTree = "<group>"; };
		840905581D8438AB00550B08 /* zscene_coin_object.h */ = {isa = PBXFileReference; fileEncoding = 4; lastKnownFileType = sourcecode.c.h; path = zscene_coin_object.h; sourceTree = "<group>"; };
		840905591D8438AB00550B08 /* zscene_hero_object.cpp */ = {isa = PBXFileReference; fileEncoding = 4; lastKnownFileType = sourcecode.cpp.cpp; path = zscene_hero_object.cpp; sourceTree = "<group>"; };
		8409055A1D8438AB00550B08 /* zscene_hero_object.h */ = {isa = PBXFileReference; fileEncoding = 4; lastKnownFileType = sourcecode.c.h; path = zscene_hero_object.h; sourceTree = "<group>"; };
		8409055D1D8438AB00550B08 /* zscene_wall_object.cpp */ = {isa = PBXFileReference; fileEncoding = 4; lastKnownFileType = sourcecode.cpp.cpp; path = zscene_wall_object.cpp; sourceTree = "<group>"; };
		8409055E1D8438AB00550B08 /* zscene_wall_object.h */ = {isa = PBXFileReference; fileEncoding = 4; lastKnownFileType = sourcecode.c.h; path = zscene_wall_object.h; sourceTree = "<group>"; };
		840905601D8438AB00550B08 /* zmenu_scene.cpp */ = {isa = PBXFileReference; fileEncoding = 4; lastKnownFileType = sourcecode.cpp.cpp; path = zmenu_scene.cpp; sourceTree = "<group>"; };
		840905611D8438AB00550B08 /* zmenu_scene.h */ = {isa = PBXFileReference; fileEncoding = 4; lastKnownFileType = sourcecode.c.h; path = zmenu_scene.h; sourceTree = "<group>"; };
		8409056C1D8439D200550B08 /* ztext_widget.cpp */ = {isa = PBXFileReference; fileEncoding = 4; lastKnownFileType = sourcecode.cpp.cpp; path = ztext_widget.cpp; sourceTree = "<group>"; };
		8409056D1D8439D200550B08 /* ztext_widget.h */ = {isa = PBXFileReference; fileEncoding = 4; lastKnownFileType = sourcecode.c.h; path = ztext_widget.h; sourceTree = "<group>"; };
		840905711D84538700550B08 /* zmodel.cpp */ = {isa = PBXFileReference; fileEncoding = 4; lastKnownFileType = sourcecode.cpp.cpp; path = zmodel.cpp; sourceTree = "<group>"; };
		840905721D84538700550B08 /* zmodel.h */ = {isa = PBXFileReference; fileEncoding = 4; lastKnownFileType = sourcecode.c.h; path = zmodel.h; sourceTree = "<group>"; };
		840905731D84538700550B08 /* zmodel_builder.cpp */ = {isa = PBXFileReference; fileEncoding = 4; lastKnownFileType = sourcecode.cpp.cpp; path = zmodel_builder.cpp; sourceTree = "<group>"; };
		840905741D84538700550B08 /* zmodel_builder.h */ = {isa = PBXFileReference; fileEncoding = 4; lastKnownFileType = sourcecode.c.h; path = zmodel_builder.h; sourceTree = "<group>"; };
		8409057A1D84587C00550B08 /* zwidget.cpp */ = {isa = PBXFileReference; fileEncoding = 4; lastKnownFileType = sourcecode.cpp.cpp; path = zwidget.cpp; sourceTree = "<group>"; };
		8409057B1D84587C00550B08 /* zwidget.h */ = {isa = PBXFileReference; fileEncoding = 4; lastKnownFileType = sourcecode.c.h; path = zwidget.h; sourceTree = "<group>"; };
		844450781D8D4275006C8DD4 /* ianimation.cpp */ = {isa = PBXFileReference; fileEncoding = 4; lastKnownFileType = sourcecode.cpp.cpp; path = ianimation.cpp; sourceTree = "<group>"; };
		844450791D8D4275006C8DD4 /* ianimation.h */ = {isa = PBXFileReference; fileEncoding = 4; lastKnownFileType = sourcecode.c.h; path = ianimation.h; sourceTree = "<group>"; };
		8444507A1D8D4275006C8DD4 /* zempty_animation.cpp */ = {isa = PBXFileReference; fileEncoding = 4; lastKnownFileType = sourcecode.cpp.cpp; path = zempty_animation.cpp; sourceTree = "<group>"; };
		8444507B1D8D4275006C8DD4 /* zempty_animation.h */ = {isa = PBXFileReference; fileEncoding = 4; lastKnownFileType = sourcecode.c.h; path = zempty_animation.h; sourceTree = "<group>"; };
		8444507C1D8D4275006C8DD4 /* zscale_animation.cpp */ = {isa = PBXFileReference; fileEncoding = 4; lastKnownFileType = sourcecode.cpp.cpp; path = zscale_animation.cpp; sourceTree = "<group>"; };
		8444507D1D8D4275006C8DD4 /* zscale_animation.h */ = {isa = PBXFileReference; fileEncoding = 4; lastKnownFileType = sourcecode.c.h; path = zscale_animation.h; sourceTree = "<group>"; };
		844450811D8D5761006C8DD4 /* zsingle_scale_animation.h */ = {isa = PBXFileReference; fileEncoding = 4; lastKnownFileType = sourcecode.c.h; path = zsingle_scale_animation.h; sourceTree = "<group>"; };
		844450821D8D5766006C8DD4 /* zsingle_scale_animation.cpp */ = {isa = PBXFileReference; fileEncoding = 4; lastKnownFileType = sourcecode.cpp.cpp; path = zsingle_scale_animation.cpp; sourceTree = "<group>"; };
		844450841D8EC1DF006C8DD4 /* zplatform.cpp */ = {isa = PBXFileReference; fileEncoding = 4; lastKnownFileType = sourcecode.cpp.cpp; path = zplatform.cpp; sourceTree = "<group>"; };
		844450851D8EC1DF006C8DD4 /* zplatform.h */ = {isa = PBXFileReference; fileEncoding = 4; lastKnownFileType = sourcecode.c.h; path = zplatform.h; sourceTree = "<group>"; };
		8444508A1D8ED5B2006C8DD4 /* zrecord.cpp */ = {isa = PBXFileReference; fileEncoding = 4; lastKnownFileType = sourcecode.cpp.cpp; path = zrecord.cpp; sourceTree = "<group>"; };
		8444508B1D8ED5B2006C8DD4 /* zrecord.h */ = {isa = PBXFileReference; fileEncoding = 4; lastKnownFileType = sourcecode.c.h; path = zrecord.h; sourceTree = "<group>"; };
		845ABDF41D7CAB9D00F564AC /* CMakeLists.txt */ = {isa = PBXFileReference; fileEncoding = 4; lastKnownFileType = text; path = CMakeLists.txt; sourceTree = "<group>"; };
		845ABDF61D7CAB9D00F564AC /* zframework.cpp */ = {isa = PBXFileReference; fileEncoding = 4; lastKnownFileType = sourcecode.cpp.cpp; path = zframework.cpp; sourceTree = "<group>"; };
		845ABDF71D7CAB9D00F564AC /* zframework.h */ = {isa = PBXFileReference; fileEncoding = 4; lastKnownFileType = sourcecode.c.h; path = zframework.h; sourceTree = "<group>"; };
		845ABDFB1D7CAB9D00F564AC /* zmath.h */ = {isa = PBXFileReference; fileEncoding = 4; lastKnownFileType = sourcecode.c.h; path = zmath.h; sourceTree = "<group>"; };
		845ABDFE1D7CAB9D00F564AC /* ibody.cpp */ = {isa = PBXFileReference; fileEncoding = 4; lastKnownFileType = sourcecode.cpp.cpp; path = ibody.cpp; sourceTree = "<group>"; };
		845ABDFF1D7CAB9D00F564AC /* ibody.h */ = {isa = PBXFileReference; fileEncoding = 4; lastKnownFileType = sourcecode.c.h; path = ibody.h; sourceTree = "<group>"; };
		845ABE001D7CAB9D00F564AC /* zbody_def.h */ = {isa = PBXFileReference; fileEncoding = 4; lastKnownFileType = sourcecode.c.h; path = zbody_def.h; sourceTree = "<group>"; };
		845ABE011D7CAB9D00F564AC /* zcircle_body.cpp */ = {isa = PBXFileReference; fileEncoding = 4; lastKnownFileType = sourcecode.cpp.cpp; path = zcircle_body.cpp; sourceTree = "<group>"; };
		845ABE021D7CAB9D00F564AC /* zcircle_body.h */ = {isa = PBXFileReference; fileEncoding = 4; lastKnownFileType = sourcecode.c.h; path = zcircle_body.h; sourceTree = "<group>"; };
		845ABE031D7CAB9D00F564AC /* zrect_body.cpp */ = {isa = PBXFileReference; fileEncoding = 4; lastKnownFileType = sourcecode.cpp.cpp; path = zrect_body.cpp; sourceTree = "<group>"; };
		845ABE041D7CAB9D00F564AC /* zrect_body.h */ = {isa = PBXFileReference; fileEncoding = 4; lastKnownFileType = sourcecode.c.h; path = zrect_body.h; sourceTree = "<group>"; };
		845ABE051D7CAB9D00F564AC /* zworld.cpp */ = {isa = PBXFileReference; fileEncoding = 4; lastKnownFileType = sourcecode.cpp.cpp; path = zworld.cpp; sourceTree = "<group>"; };
		845ABE061D7CAB9D00F564AC /* zworld.h */ = {isa = PBXFileReference; fileEncoding = 4; lastKnownFileType = sourcecode.c.h; path = zworld.h; sourceTree = "<group>"; };
		845ABE081D7CAB9D00F564AC /* iresource.cpp */ = {isa = PBXFileReference; fileEncoding = 4; lastKnownFileType = sourcecode.cpp.cpp; path = iresource.cpp; sourceTree = "<group>"; };
		845ABE091D7CAB9D00F564AC /* iresource.h */ = {isa = PBXFileReference; fileEncoding = 4; lastKnownFileType = sourcecode.c.h; path = iresource.h; sourceTree = "<group>"; };
		845ABE0E1D7CAB9D00F564AC /* zgles2.h */ = {isa = PBXFileReference; fileEncoding = 4; lastKnownFileType = sourcecode.c.h; path = zgles2.h; sourceTree = "<group>"; };
		845ABE0F1D7CAB9D00F564AC /* zgles2_render.cpp */ = {isa = PBXFileReference; fileEncoding = 4; lastKnownFileType = sourcecode.cpp.cpp; path = zgles2_render.cpp; sourceTree = "<group>"; };
		845ABE101D7CAB9D00F564AC /* zgles2_render.h */ = {isa = PBXFileReference; fileEncoding = 4; lastKnownFileType = sourcecode.c.h; path = zgles2_render.h; sourceTree = "<group>"; };
		845ABE111D7CAB9D00F564AC /* irender.cpp */ = {isa = PBXFileReference; fileEncoding = 4; lastKnownFileType = sourcecode.cpp.cpp; path = irender.cpp; sourceTree = "<group>"; };
		845ABE121D7CAB9D00F564AC /* irender.h */ = {isa = PBXFileReference; fileEncoding = 4; lastKnownFileType = sourcecode.c.h; path = irender.h; sourceTree = "<group>"; };
		845ABE131D7CAB9D00F564AC /* zcolor.cpp */ = {isa = PBXFileReference; fileEncoding = 4; lastKnownFileType = sourcecode.cpp.cpp; path = zcolor.cpp; sourceTree = "<group>"; };
		845ABE141D7CAB9D00F564AC /* zcolor.h */ = {isa = PBXFileReference; fileEncoding = 4; lastKnownFileType = sourcecode.c.h; path = zcolor.h; sourceTree = "<group>"; };
		845ABE1D1D7CAB9D00F564AC /* iscene_object.cpp */ = {isa = PBXFileReference; fileEncoding = 4; lastKnownFileType = sourcecode.cpp.cpp; path = iscene_object.cpp; sourceTree = "<group>"; };
		845ABE1E1D7CAB9D00F564AC /* iscene_object.h */ = {isa = PBXFileReference; fileEncoding = 4; lastKnownFileType = sourcecode.c.h; path = iscene_object.h; sourceTree = "<group>"; };
		845ABE3C1D7CADC700F564AC /* zgame.cpp */ = {isa = PBXFileReference; fileEncoding = 4; lastKnownFileType = sourcecode.cpp.cpp; path = zgame.cpp; sourceTree = "<group>"; };
		845ABE3D1D7CADC700F564AC /* zgame.h */ = {isa = PBXFileReference; fileEncoding = 4; lastKnownFileType = sourcecode.c.h; path = zgame.h; sourceTree = "<group>"; };
		846DDAF71D7B058E00B57C22 /* zeptobird.app */ = {isa = PBXFileReference; explicitFileType = wrapper.application; includeInIndex = 0; path = zeptobird.app; sourceTree = BUILT_PRODUCTS_DIR; };
		846DDAFB1D7B058E00B57C22 /* main.m */ = {isa = PBXFileReference; lastKnownFileType = sourcecode.c.objc; name = main.m; path = zeptobird/main.m; sourceTree = "<group>"; };
		846DDAFD1D7B058E00B57C22 /* AppDelegate.h */ = {isa = PBXFileReference; lastKnownFileType = sourcecode.c.h; name = AppDelegate.h; path = zeptobird/AppDelegate.h; sourceTree = "<group>"; };
		846DDAFE1D7B058F00B57C22 /* AppDelegate.mm */ = {isa = PBXFileReference; lastKnownFileType = sourcecode.cpp.objcpp; name = AppDelegate.mm; path = zeptobird/AppDelegate.mm; sourceTree = "<group>"; };
		846DDB0A1D7B058F00B57C22 /* Assets.xcassets */ = {isa = PBXFileReference; lastKnownFileType = folder.assetcatalog; name = Assets.xcassets; path = zeptobird/Assets.xcassets; sourceTree = "<group>"; };
		846DDB0F1D7B058F00B57C22 /* Info.plist */ = {isa = PBXFileReference; lastKnownFileType = text.plist.xml; name = Info.plist; path = zeptobird/Info.plist; sourceTree = "<group>"; };
		849580C61DA4D1FD00BEE7B0 /* zui_input.h */ = {isa = PBXFileReference; fileEncoding = 4; lastKnownFileType = sourcecode.c.h; path = zui_input.h; sourceTree = "<group>"; };
		849580C71DA4D20300BEE7B0 /* zui_input.cpp */ = {isa = PBXFileReference; fileEncoding = 4; lastKnownFileType = sourcecode.cpp.cpp; path = zui_input.cpp; sourceTree = "<group>"; };
		84BBD9011D89C6970089A277 /* irenderable.cpp */ = {isa = PBXFileReference; fileEncoding = 4; lastKnownFileType = sourcecode.cpp.cpp; path = irenderable.cpp; sourceTree = "<group>"; };
		84BBD9021D89C6970089A277 /* irenderable.h */ = {isa = PBXFileReference; fileEncoding = 4; lastKnownFileType = sourcecode.c.h; path = irenderable.h; sourceTree = "<group>"; };
		84BBD9051D89C6A60089A277 /* idebug.cpp */ = {isa = PBXFileReference; fileEncoding = 4; lastKnownFileType = sourcecode.cpp.cpp; path = idebug.cpp; sourceTree = "<group>"; };
		84BBD9061D89C6A60089A277 /* idebug.h */ = {isa = PBXFileReference; fileEncoding = 4; lastKnownFileType = sourcecode.c.h; path = idebug.h; sourceTree = "<group>"; };
		84BBD9071D89C6A60089A277 /* zdebug.cpp */ = {isa = PBXFileReference; fileEncoding = 4; lastKnownFileType = sourcecode.cpp.cpp; path = zdebug.cpp; sourceTree = "<group>"; };
		84BBD9081D89C6A60089A277 /* zdebug.h */ = {isa = PBXFileReference; fileEncoding = 4; lastKnownFileType = sourcecode.c.h; path = zdebug.h; sourceTree = "<group>"; };
		84BBD9091D89C6A60089A277 /* zfps_calculator.cpp */ = {isa = PBXFileReference; fileEncoding = 4; lastKnownFileType = sourcecode.cpp.cpp; path = zfps_calculator.cpp; sourceTree = "<group>"; };
		84BBD90A1D89C6A60089A277 /* zfps_calculator.h */ = {isa = PBXFileReference; fileEncoding = 4; lastKnownFileType = sourcecode.c.h; path = zfps_calculator.h; sourceTree = "<group>"; };
		84BBD90B1D89C6A60089A277 /* znodebug.cpp */ = {isa = PBXFileReference; fileEncoding = 4; lastKnownFileType = sourcecode.cpp.cpp; path = znodebug.cpp; sourceTree = "<group>"; };
		84BBD90C1D89C6A60089A277 /* znodebug.h */ = {isa = PBXFileReference; fileEncoding = 4; lastKnownFileType = sourcecode.c.h; path = znodebug.h; sourceTree = "<group>"; };
		84BBD9131D89C7240089A277 /* zmat33.cpp */ = {isa = PBXFileReference; fileEncoding = 4; lastKnownFileType = sourcecode.cpp.cpp; path = zmat33.cpp; sourceTree = "<group>"; };
		84BBD9141D89C7240089A277 /* zmat33.h */ = {isa = PBXFileReference; fileEncoding = 4; lastKnownFileType = sourcecode.c.h; path = zmat33.h; sourceTree = "<group>"; };
		84BBD9151D89C7240089A277 /* zmat44.h */ = {isa = PBXFileReference; fileEncoding = 4; lastKnownFileType = sourcecode.c.h; path = zmat44.h; sourceTree = "<group>"; };
		84BBD9171D89C7240089A277 /* zvec2.cpp */ = {isa = PBXFileReference; fileEncoding = 4; lastKnownFileType = sourcecode.cpp.cpp; path = zvec2.cpp; sourceTree = "<group>"; };
		84BBD9181D89C7240089A277 /* zvec2.h */ = {isa = PBXFileReference; fileEncoding = 4; lastKnownFileType = sourcecode.c.h; path = zvec2.h; sourceTree = "<group>"; };
		84BBD9191D89C7240089A277 /* zvec3.cpp */ = {isa = PBXFileReference; fileEncoding = 4; lastKnownFileType = sourcecode.cpp.cpp; path = zvec3.cpp; sourceTree = "<group>"; };
		84BBD91A1D89C7240089A277 /* zvec3.h */ = {isa = PBXFileReference; fileEncoding = 4; lastKnownFileType = sourcecode.c.h; path = zvec3.h; sourceTree = "<group>"; };
		84BBD91F1D89C7890089A277 /* zmenu_scene_block.cpp */ = {isa = PBXFileReference; fileEncoding = 4; lastKnownFileType = sourcecode.cpp.cpp; path = zmenu_scene_block.cpp; sourceTree = "<group>"; };
		84BBD9201D89C7890089A277 /* zmenu_scene_block.h */ = {isa = PBXFileReference; fileEncoding = 4; lastKnownFileType = sourcecode.c.h; path = zmenu_scene_block.h; sourceTree = "<group>"; };
		84BBD9221D89E4940089A277 /* zmat44.cpp */ = {isa = PBXFileReference; fileEncoding = 4; lastKnownFileType = sourcecode.cpp.cpp; path = zmat44.cpp; sourceTree = "<group>"; };
		84BBD9241D89E5180089A277 /* zvec4.cpp */ = {isa = PBXFileReference; fileEncoding = 4; lastKnownFileType = sourcecode.cpp.cpp; path = zvec4.cpp; sourceTree = "<group>"; };
		84BBD9251D89E5180089A277 /* zvec4.h */ = {isa = PBXFileReference; fileEncoding = 4; lastKnownFileType = sourcecode.c.h; path = zvec4.h; sourceTree = "<group>"; };
		84BBD9271D8A65BC0089A277 /* ztime.h */ = {isa = PBXFileReference; fileEncoding = 4; lastKnownFileType = sourcecode.c.h; path = ztime.h; sourceTree = "<group>"; };
		84BBD9281D8A65BC0089A277 /* ztypes.h */ = {isa = PBXFileReference; fileEncoding = 4; lastKnownFileType = sourcecode.c.h; path = ztypes.h; sourceTree = "<group>"; };
		84BBD9291D8A66770089A277 /* zinput.h */ = {isa = PBXFileReference; fileEncoding = 4; lastKnownFileType = sourcecode.c.h; path = zinput.h; sourceTree = "<group>"; };
		84BBD92A1D8B274D0089A277 /* zsize.cpp */ = {isa = PBXFileReference; fileEncoding = 4; lastKnownFileType = sourcecode.cpp.cpp; path = zsize.cpp; sourceTree = "<group>"; };
		84BBD92C1D8B32F50089A277 /* zrect.h */ = {isa = PBXFileReference; fileEncoding = 4; lastKnownFileType = sourcecode.c.h; path = zrect.h; sourceTree = "<group>"; };
		84BBD92D1D8B346C0089A277 /* zrect.cpp */ = {isa = PBXFileReference; fileEncoding = 4; lastKnownFileType = sourcecode.cpp.cpp; path = zrect.cpp; sourceTree = "<group>"; };
		84BBD92F1D8B37310089A277 /* zpoint.cpp */ = {isa = PBXFileReference; fileEncoding = 4; lastKnownFileType = sourcecode.cpp.cpp; path = zpoint.cpp; sourceTree = "<group>"; };
		84BBD9301D8B37310089A277 /* zpoint.h */ = {isa = PBXFileReference; fileEncoding = 4; lastKnownFileType = sourcecode.c.h; path = zpoint.h; sourceTree = "<group>"; };
		84BBD9351D8B44050089A277 /* zstyle.h */ = {isa = PBXFileReference; fileEncoding = 4; lastKnownFileType = sourcecode.c.h; path = zstyle.h; sourceTree = "<group>"; };
		84BBD9361D8B52360089A277 /* zinput.cpp */ = {isa = PBXFileReference; fileEncoding = 4; lastKnownFileType = sourcecode.cpp.cpp; path = zinput.cpp; sourceTree = "<group>"; };
		84C9E0531D85435600517A16 /* zgles2_texture.cpp */ = {isa = PBXFileReference; fileEncoding = 4; lastKnownFileType = sourcecode.cpp.cpp; path = zgles2_texture.cpp; sourceTree = "<group>"; };
		84C9E0541D85435600517A16 /* zgles2_texture.h */ = {isa = PBXFileReference; fileEncoding = 4; lastKnownFileType = sourcecode.c.h; path = zgles2_texture.h; sourceTree = "<group>"; };
		84E21E621D8C57D700C4F4B1 /* zprofiler.cpp */ = {isa = PBXFileReference; fileEncoding = 4; lastKnownFileType = sourcecode.cpp.cpp; path = zprofiler.cpp; sourceTree = "<group>"; };
		84E21E641D8C57DE00C4F4B1 /* zprofiler.h */ = {isa = PBXFileReference; fileEncoding = 4; lastKnownFileType = sourcecode.c.h; path = zprofiler.h; sourceTree = "<group>"; };
		84E21E651D8C580600C4F4B1 /* zscene_invisible_object.cpp */ = {isa = PBXFileReference; fileEncoding = 4; lastKnownFileType = sourcecode.cpp.cpp; path = zscene_invisible_object.cpp; sourceTree = "<group>"; };
		84E21E661D8C580600C4F4B1 /* zscene_invisible_object.h */ = {isa = PBXFileReference; fileEncoding = 4; lastKnownFileType = sourcecode.c.h; path = zscene_invisible_object.h; sourceTree = "<group>"; };
		84E3F1FD1D7F32350062ADD6 /* zaabb.cpp */ = {isa = PBXFileReference; fileEncoding = 4; lastKnownFileType = sourcecode.cpp.cpp; path = zaabb.cpp; sourceTree = "<group>"; };
		84E3F1FE1D7F32350062ADD6 /* zaabb.h */ = {isa = PBXFileReference; fileEncoding = 4; lastKnownFileType = sourcecode.c.h; path = zaabb.h; sourceTree = "<group>"; };
		84EE839A1D8596A000759455 /* alphabet.txt */ = {isa = PBXFileReference; fileEncoding = 4; lastKnownFileType = text; path = alphabet.txt; sourceTree = "<group>"; };
		84EE839F1D85CB9500759455 /* zwidget_builder.cpp */ = {isa = PBXFileReference; fileEncoding = 4; lastKnownFileType = sourcecode.cpp.cpp; path = zwidget_builder.cpp; sourceTree = "<group>"; };
		84EE83A01D85CB9500759455 /* zwidget_builder.h */ = {isa = PBXFileReference; fileEncoding = 4; lastKnownFileType = sourcecode.c.h; path = zwidget_builder.h; sourceTree = "<group>"; };
		84EE83A21D85F20200759455 /* zcolor_widget.cpp */ = {isa = PBXFileReference; fileEncoding = 4; lastKnownFileType = sourcecode.cpp.cpp; path = zcolor_widget.cpp; sourceTree = "<group>"; };
		84EE83A31D85F20200759455 /* zcolor_widget.h */ = {isa = PBXFileReference; fileEncoding = 4; lastKnownFileType = sourcecode.c.h; path = zcolor_widget.h; sourceTree = "<group>"; };
		84F770D21D84720400BB2F5D /* Base */ = {isa = PBXFileReference; lastKnownFileType = file.storyboard; name = Base; path = zeptobird/Base.lproj/LaunchScreen.storyboard; sourceTree = "<group>"; };
		84F770DA1D85210400BB2F5D /* zgles2_program.cpp */ = {isa = PBXFileReference; fileEncoding = 4; lastKnownFileType = sourcecode.cpp.cpp; path = zgles2_program.cpp; sourceTree = "<group>"; };
		84F770DB1D85210400BB2F5D /* zgles2_program.h */ = {isa = PBXFileReference; fileEncoding = 4; lastKnownFileType = sourcecode.c.h; path = zgles2_program.h; sourceTree = "<group>"; };
		84F770DD1D85255A00BB2F5D /* widget_fragment.glsl */ = {isa = PBXFileReference; fileEncoding = 4; lastKnownFileType = text; path = widget_fragment.glsl; sourceTree = "<group>"; };
		84F770DE1D85255A00BB2F5D /* widget_vertex.glsl */ = {isa = PBXFileReference; fileEncoding = 4; lastKnownFileType = text; path = widget_vertex.glsl; sourceTree = "<group>"; };
		84FD9AA61D7B1AB300922F1D /* UIKit.framework */ = {isa = PBXFileReference; lastKnownFileType = wrapper.framework; name = UIKit.framework; path = System/Library/Frameworks/UIKit.framework; sourceTree = SDKROOT; };
		84FD9AAA1D7B1AE200922F1D /* QuartzCore.framework */ = {isa = PBXFileReference; lastKnownFileType = wrapper.framework; name = QuartzCore.framework; path = System/Library/Frameworks/QuartzCore.framework; sourceTree = SDKROOT; };
		84FD9AAD1D7B1AED00922F1D /* Foundation.framework */ = {isa = PBXFileReference; lastKnownFileType = wrapper.framework; name = Foundation.framework; path = System/Library/Frameworks/Foundation.framework; sourceTree = SDKROOT; };
		84FD9AB11D7B1B0200922F1D /* OpenGLES.framework */ = {isa = PBXFileReference; lastKnownFileType = wrapper.framework; name = OpenGLES.framework; path = System/Library/Frameworks/OpenGLES.framework; sourceTree = SDKROOT; };
		84FD9AF31D7B4E1600922F1D /* EAGLView.h */ = {isa = PBXFileReference; lastKnownFileType = sourcecode.c.h; name = EAGLView.h; path = zeptobird/EAGLView.h; sourceTree = "<group>"; };
		84FD9AF41D7B4E8000922F1D /* EAGlView.mm */ = {isa = PBXFileReference; fileEncoding = 4; lastKnownFileType = sourcecode.cpp.objcpp; name = EAGlView.mm; path = zeptobird/EAGlView.mm; sourceTree = "<group>"; };
		84FD9AFE1D7B4FAA00922F1D /* GLViewController.h */ = {isa = PBXFileReference; fileEncoding = 4; lastKnownFileType = sourcecode.c.h; name = GLViewController.h; path = zeptobird/GLViewController.h; sourceTree = "<group>"; };
		84FD9AFF1D7B4FAA00922F1D /* GLViewController.mm */ = {isa = PBXFileReference; fileEncoding = 4; lastKnownFileType = sourcecode.cpp.objcpp; name = GLViewController.mm; path = zeptobird/GLViewController.mm; sourceTree = "<group>"; };
		84FD9B131D7B597F00922F1D /* Base */ = {isa = PBXFileReference; lastKnownFileType = file.xib; name = Base; path = zeptobird/Base.lproj/MainWindow.xib; sourceTree = "<group>"; };
		84FD9B511D7C076000922F1D /* ios_resource.mm */ = {isa = PBXFileReference; fileEncoding = 4; lastKnownFileType = sourcecode.cpp.objcpp; name = ios_resource.mm; path = zeptobird/ios_resource.mm; sourceTree = "<group>"; };
		84FD9B531D7C079E00922F1D /* ios_resource.h */ = {isa = PBXFileReference; lastKnownFileType = sourcecode.c.h; name = ios_resource.h; path = zeptobird/ios_resource.h; sourceTree = "<group>"; };
/* End PBXFileReference section */

/* Begin PBXFrameworksBuildPhase section */
		846DDAF41D7B058E00B57C22 /* Frameworks */ = {
			isa = PBXFrameworksBuildPhase;
			buildActionMask = 2147483647;
			files = (
				840905431D840E3100550B08 /* AVFoundation.framework in Frameworks */,
				840905411D840DCF00550B08 /* AudioToolbox.framework in Frameworks */,
				84FD9AB21D7B1B0200922F1D /* OpenGLES.framework in Frameworks */,
				84FD9AAE1D7B1AED00922F1D /* Foundation.framework in Frameworks */,
				84FD9AAC1D7B1AE700922F1D /* UIKit.framework in Frameworks */,
				84FD9AAB1D7B1AE200922F1D /* QuartzCore.framework in Frameworks */,
			);
			runOnlyForDeploymentPostprocessing = 0;
		};
/* End PBXFrameworksBuildPhase section */

/* Begin PBXGroup section */
		840905351D840BD100550B08 /* music */ = {
			isa = PBXGroup;
			children = (
				840905481D84158B00550B08 /* menu.mp3 */,
				840905441D840F4800550B08 /* coin.mp3 */,
				840905361D840BD100550B08 /* theme.mp3 */,
				840905461D84109100550B08 /* game-over.mp3 */,
			);
			path = music;
			sourceTree = "<group>";
		};
		840905371D840BD100550B08 /* shader */ = {
			isa = PBXGroup;
			children = (
				84F770DE1D85255A00BB2F5D /* widget_vertex.glsl */,
				84F770DD1D85255A00BB2F5D /* widget_fragment.glsl */,
				840905391D840BD100550B08 /* model_vertex.glsl */,
				840905381D840BD100550B08 /* model_fragment.glsl */,
			);
			path = shader;
			sourceTree = "<group>";
		};
		8409054D1D84365700550B08 /* common */ = {
			isa = PBXGroup;
			children = (
				84BBD9281D8A65BC0089A277 /* ztypes.h */,
				84BBD9271D8A65BC0089A277 /* ztime.h */,
				84BBD9291D8A66770089A277 /* zinput.h */,
				84BBD9361D8B52360089A277 /* zinput.cpp */,
				8409054E1D84365700550B08 /* zsize.h */,
				84BBD92A1D8B274D0089A277 /* zsize.cpp */,
				84BBD9301D8B37310089A277 /* zpoint.h */,
				84BBD92F1D8B37310089A277 /* zpoint.cpp */,
				84BBD92C1D8B32F50089A277 /* zrect.h */,
				84BBD92D1D8B346C0089A277 /* zrect.cpp */,
				84E21E641D8C57DE00C4F4B1 /* zprofiler.h */,
				84E21E621D8C57D700C4F4B1 /* zprofiler.cpp */,
			);
			path = common;
			sourceTree = "<group>";
		};
		840905521D8438AB00550B08 /* game */ = {
			isa = PBXGroup;
			children = (
				840905541D8438AB00550B08 /* zgame_scene.h */,
				840905531D8438AB00550B08 /* zgame_scene.cpp */,
				840905561D8438AB00550B08 /* zgame_scene_logic.h */,
				840905551D8438AB00550B08 /* zgame_scene_logic.cpp */,
				840905581D8438AB00550B08 /* zscene_coin_object.h */,
				840905571D8438AB00550B08 /* zscene_coin_object.cpp */,
				8409055A1D8438AB00550B08 /* zscene_hero_object.h */,
				840905591D8438AB00550B08 /* zscene_hero_object.cpp */,
				8409055E1D8438AB00550B08 /* zscene_wall_object.h */,
				8409055D1D8438AB00550B08 /* zscene_wall_object.cpp */,
			);
			path = game;
			sourceTree = "<group>";
		};
		8409055F1D8438AB00550B08 /* menu */ = {
			isa = PBXGroup;
			children = (
				840905611D8438AB00550B08 /* zmenu_scene.h */,
				840905601D8438AB00550B08 /* zmenu_scene.cpp */,
				84BBD9201D89C7890089A277 /* zmenu_scene_block.h */,
				84BBD91F1D89C7890089A277 /* zmenu_scene_block.cpp */,
			);
			path = menu;
			sourceTree = "<group>";
		};
		840905691D8439D200550B08 /* ui */ = {
			isa = PBXGroup;
			children = (
				84BBD9351D8B44050089A277 /* zstyle.h */,
				8409057B1D84587C00550B08 /* zwidget.h */,
				8409057A1D84587C00550B08 /* zwidget.cpp */,
				849580C61DA4D1FD00BEE7B0 /* zui_input.h */,
				849580C71DA4D20300BEE7B0 /* zui_input.cpp */,
				84EE83A31D85F20200759455 /* zcolor_widget.h */,
				84EE83A21D85F20200759455 /* zcolor_widget.cpp */,
				8409056D1D8439D200550B08 /* ztext_widget.h */,
				8409056C1D8439D200550B08 /* ztext_widget.cpp */,
				84EE83A01D85CB9500759455 /* zwidget_builder.h */,
				84EE839F1D85CB9500759455 /* zwidget_builder.cpp */,
			);
			path = ui;
			sourceTree = "<group>";
		};
		840905701D84538700550B08 /* model */ = {
			isa = PBXGroup;
			children = (
				840905721D84538700550B08 /* zmodel.h */,
				840905711D84538700550B08 /* zmodel.cpp */,
				840905741D84538700550B08 /* zmodel_builder.h */,
				840905731D84538700550B08 /* zmodel_builder.cpp */,
			);
			path = model;
			sourceTree = "<group>";
		};
		844450771D8D4275006C8DD4 /* animation */ = {
			isa = PBXGroup;
			children = (
				844450791D8D4275006C8DD4 /* ianimation.h */,
				844450781D8D4275006C8DD4 /* ianimation.cpp */,
				8444507B1D8D4275006C8DD4 /* zempty_animation.h */,
				8444507A1D8D4275006C8DD4 /* zempty_animation.cpp */,
				8444507D1D8D4275006C8DD4 /* zscale_animation.h */,
				8444507C1D8D4275006C8DD4 /* zscale_animation.cpp */,
				844450811D8D5761006C8DD4 /* zsingle_scale_animation.h */,
				844450821D8D5766006C8DD4 /* zsingle_scale_animation.cpp */,
			);
			path = animation;
			sourceTree = "<group>";
		};
		845ABDF31D7CAB9D00F564AC /* shared */ = {
			isa = PBXGroup;
			children = (
				845ABDF41D7CAB9D00F564AC /* CMakeLists.txt */,
				8409054D1D84365700550B08 /* common */,
				845ABDF51D7CAB9D00F564AC /* framework */,
				845ABE071D7CAB9D00F564AC /* platform */,
				845ABDF81D7CAB9D00F564AC /* math */,
				845ABDFC1D7CAB9D00F564AC /* phys */,
				844450771D8D4275006C8DD4 /* animation */,
				845ABE0A1D7CAB9D00F564AC /* render */,
				840905691D8439D200550B08 /* ui */,
				840905701D84538700550B08 /* model */,
				845ABE3B1D7CADC700F564AC /* game */,
				845ABE1C1D7CAB9D00F564AC /* scene */,
				845ABE191D7CAB9D00F564AC /* resources */,
			);
			name = shared;
			path = ../../../shared;
			sourceTree = "<group>";
		};
		845ABDF51D7CAB9D00F564AC /* framework */ = {
			isa = PBXGroup;
			children = (
				84BBD9041D89C6A60089A277 /* impl */,
				845ABDF71D7CAB9D00F564AC /* zframework.h */,
				845ABDF61D7CAB9D00F564AC /* zframework.cpp */,
			);
			path = framework;
			sourceTree = "<group>";
		};
		845ABDF81D7CAB9D00F564AC /* math */ = {
			isa = PBXGroup;
			children = (
				845ABDFB1D7CAB9D00F564AC /* zmath.h */,
				84BBD9181D89C7240089A277 /* zvec2.h */,
				84BBD9171D89C7240089A277 /* zvec2.cpp */,
				84BBD91A1D89C7240089A277 /* zvec3.h */,
				84BBD9191D89C7240089A277 /* zvec3.cpp */,
				84BBD9251D89E5180089A277 /* zvec4.h */,
				84BBD9241D89E5180089A277 /* zvec4.cpp */,
				84BBD9141D89C7240089A277 /* zmat33.h */,
				84BBD9131D89C7240089A277 /* zmat33.cpp */,
				84BBD9151D89C7240089A277 /* zmat44.h */,
				84BBD9221D89E4940089A277 /* zmat44.cpp */,
			);
			path = math;
			sourceTree = "<group>";
		};
		845ABDFC1D7CAB9D00F564AC /* phys */ = {
			isa = PBXGroup;
			children = (
				845ABE001D7CAB9D00F564AC /* zbody_def.h */,
				84E3F1FE1D7F32350062ADD6 /* zaabb.h */,
				84E3F1FD1D7F32350062ADD6 /* zaabb.cpp */,
				845ABDFF1D7CAB9D00F564AC /* ibody.h */,
				845ABDFE1D7CAB9D00F564AC /* ibody.cpp */,
				845ABE021D7CAB9D00F564AC /* zcircle_body.h */,
				845ABE011D7CAB9D00F564AC /* zcircle_body.cpp */,
				845ABE041D7CAB9D00F564AC /* zrect_body.h */,
				845ABE031D7CAB9D00F564AC /* zrect_body.cpp */,
				845ABE061D7CAB9D00F564AC /* zworld.h */,
				845ABE051D7CAB9D00F564AC /* zworld.cpp */,
			);
			path = phys;
			sourceTree = "<group>";
		};
		845ABE071D7CAB9D00F564AC /* platform */ = {
			isa = PBXGroup;
			children = (
				840905331D84083A00550B08 /* isound.h */,
				840905321D84083A00550B08 /* isound.cpp */,
				845ABE091D7CAB9D00F564AC /* iresource.h */,
				845ABE081D7CAB9D00F564AC /* iresource.cpp */,
				844450851D8EC1DF006C8DD4 /* zplatform.h */,
				844450841D8EC1DF006C8DD4 /* zplatform.cpp */,
			);
			path = platform;
			sourceTree = "<group>";
		};
		845ABE0A1D7CAB9D00F564AC /* render */ = {
			isa = PBXGroup;
			children = (
				845ABE0D1D7CAB9D00F564AC /* impl */,
				845ABE141D7CAB9D00F564AC /* zcolor.h */,
				845ABE131D7CAB9D00F564AC /* zcolor.cpp */,
				845ABE121D7CAB9D00F564AC /* irender.h */,
				845ABE111D7CAB9D00F564AC /* irender.cpp */,
				84BBD9021D89C6970089A277 /* irenderable.h */,
				84BBD9011D89C6970089A277 /* irenderable.cpp */,
			);
			path = render;
			sourceTree = "<group>";
		};
		845ABE0D1D7CAB9D00F564AC /* impl */ = {
			isa = PBXGroup;
			children = (
				845ABE0E1D7CAB9D00F564AC /* zgles2.h */,
				84F770DB1D85210400BB2F5D /* zgles2_program.h */,
				84F770DA1D85210400BB2F5D /* zgles2_program.cpp */,
				84C9E0541D85435600517A16 /* zgles2_texture.h */,
				84C9E0531D85435600517A16 /* zgles2_texture.cpp */,
				845ABE101D7CAB9D00F564AC /* zgles2_render.h */,
				845ABE0F1D7CAB9D00F564AC /* zgles2_render.cpp */,
			);
			path = impl;
			sourceTree = "<group>";
		};
		845ABE191D7CAB9D00F564AC /* resources */ = {
			isa = PBXGroup;
			children = (
				84EE83991D8596A000759455 /* data */,
				840905351D840BD100550B08 /* music */,
				840905371D840BD100550B08 /* shader */,
			);
			path = resources;
			sourceTree = "<group>";
		};
		845ABE1C1D7CAB9D00F564AC /* scene */ = {
			isa = PBXGroup;
			children = (
				8409054B1D84342D00550B08 /* iscene.h */,
				8409054A1D84342D00550B08 /* iscene.cpp */,
				845ABE1E1D7CAB9D00F564AC /* iscene_object.h */,
				845ABE1D1D7CAB9D00F564AC /* iscene_object.cpp */,
				84E21E661D8C580600C4F4B1 /* zscene_invisible_object.h */,
				84E21E651D8C580600C4F4B1 /* zscene_invisible_object.cpp */,
				8409055F1D8438AB00550B08 /* menu */,
				840905521D8438AB00550B08 /* game */,
			);
			path = scene;
			sourceTree = "<group>";
		};
		845ABE3B1D7CADC700F564AC /* game */ = {
			isa = PBXGroup;
			children = (
				845ABE3D1D7CADC700F564AC /* zgame.h */,
				845ABE3C1D7CADC700F564AC /* zgame.cpp */,
				8444508B1D8ED5B2006C8DD4 /* zrecord.h */,
				8444508A1D8ED5B2006C8DD4 /* zrecord.cpp */,
			);
			path = game;
			sourceTree = "<group>";
		};
		846DDAEE1D7B058E00B57C22 = {
			isa = PBXGroup;
			children = (
				846DDAF91D7B058E00B57C22 /* zeptobird */,
				84FD9AF61D7B4EA800922F1D /* Resources */,
				84FD9AB31D7B1B0F00922F1D /* Frameworks */,
				846DDAF81D7B058E00B57C22 /* Products */,
			);
			sourceTree = "<group>";
		};
		846DDAF81D7B058E00B57C22 /* Products */ = {
			isa = PBXGroup;
			children = (
				846DDAF71D7B058E00B57C22 /* zeptobird.app */,
			);
			name = Products;
			sourceTree = "<group>";
		};
		846DDAF91D7B058E00B57C22 /* zeptobird */ = {
			isa = PBXGroup;
			children = (
				845ABDF31D7CAB9D00F564AC /* shared */,
				84FD9AA41D7B16A200922F1D /* ios */,
			);
			path = zeptobird;
			sourceTree = "<group>";
		};
		84BBD9041D89C6A60089A277 /* impl */ = {
			isa = PBXGroup;
			children = (
				84BBD9061D89C6A60089A277 /* idebug.h */,
				84BBD9051D89C6A60089A277 /* idebug.cpp */,
				84BBD9081D89C6A60089A277 /* zdebug.h */,
				84BBD9071D89C6A60089A277 /* zdebug.cpp */,
				84BBD90C1D89C6A60089A277 /* znodebug.h */,
				84BBD90B1D89C6A60089A277 /* znodebug.cpp */,
				84BBD90A1D89C6A60089A277 /* zfps_calculator.h */,
				84BBD9091D89C6A60089A277 /* zfps_calculator.cpp */,
			);
			path = impl;
			sourceTree = "<group>";
		};
		84EE83991D8596A000759455 /* data */ = {
			isa = PBXGroup;
			children = (
				84EE839A1D8596A000759455 /* alphabet.txt */,
			);
			path = data;
			sourceTree = "<group>";
		};
		84FD9AA41D7B16A200922F1D /* ios */ = {
			isa = PBXGroup;
			children = (
				84FD9AF31D7B4E1600922F1D /* EAGLView.h */,
				84FD9AF41D7B4E8000922F1D /* EAGlView.mm */,
				84FD9AFE1D7B4FAA00922F1D /* GLViewController.h */,
				84FD9AFF1D7B4FAA00922F1D /* GLViewController.mm */,
				846DDAFD1D7B058E00B57C22 /* AppDelegate.h */,
				846DDAFE1D7B058F00B57C22 /* AppDelegate.mm */,
				84FD9B531D7C079E00922F1D /* ios_resource.h */,
				84FD9B511D7C076000922F1D /* ios_resource.mm */,
				8409053E1D840C1D00550B08 /* ios_sound.h */,
				8409053D1D840C1D00550B08 /* ios_sound.mm */,
				846DDAFB1D7B058E00B57C22 /* main.m */,
			);
			name = ios;
			path = ..;
			sourceTree = "<group>";
		};
		84FD9AB31D7B1B0F00922F1D /* Frameworks */ = {
			isa = PBXGroup;
			children = (
				840905421D840E3100550B08 /* AVFoundation.framework */,
				840905401D840DCF00550B08 /* AudioToolbox.framework */,
				84FD9AA61D7B1AB300922F1D /* UIKit.framework */,
				84FD9AAA1D7B1AE200922F1D /* QuartzCore.framework */,
				84FD9AAD1D7B1AED00922F1D /* Foundation.framework */,
				84FD9AB11D7B1B0200922F1D /* OpenGLES.framework */,
			);
			name = Frameworks;
			sourceTree = "<group>";
		};
		84FD9AF61D7B4EA800922F1D /* Resources */ = {
			isa = PBXGroup;
			children = (
				84F770D11D84720400BB2F5D /* LaunchScreen.storyboard */,
				84FD9B121D7B597F00922F1D /* MainWindow.xib */,
				846DDB0A1D7B058F00B57C22 /* Assets.xcassets */,
				846DDB0F1D7B058F00B57C22 /* Info.plist */,
			);
			name = Resources;
			sourceTree = "<group>";
		};
/* End PBXGroup section */

/* Begin PBXNativeTarget section */
		846DDAF61D7B058E00B57C22 /* zeptobird */ = {
			isa = PBXNativeTarget;
			buildConfigurationList = 846DDB121D7B058F00B57C22 /* Build configuration list for PBXNativeTarget "zeptobird" */;
			buildPhases = (
				846DDAF31D7B058E00B57C22 /* Sources */,
				846DDAF41D7B058E00B57C22 /* Frameworks */,
				846DDAF51D7B058E00B57C22 /* Resources */,
			);
			buildRules = (
			);
			dependencies = (
			);
			name = zeptobird;
			productName = zeptobird;
			productReference = 846DDAF71D7B058E00B57C22 /* zeptobird.app */;
			productType = "com.apple.product-type.application";
		};
/* End PBXNativeTarget section */

/* Begin PBXProject section */
		846DDAEF1D7B058E00B57C22 /* Project object */ = {
			isa = PBXProject;
			attributes = {
				LastUpgradeCheck = 0800;
				ORGANIZATIONNAME = proydakov;
				TargetAttributes = {
					846DDAF61D7B058E00B57C22 = {
						CreatedOnToolsVersion = 7.3.1;
					};
				};
			};
			buildConfigurationList = 846DDAF21D7B058E00B57C22 /* Build configuration list for PBXProject "zeptobird" */;
			compatibilityVersion = "Xcode 3.2";
			developmentRegion = English;
			hasScannedForEncodings = 0;
			knownRegions = (
				en,
				Base,
			);
			mainGroup = 846DDAEE1D7B058E00B57C22;
			productRefGroup = 846DDAF81D7B058E00B57C22 /* Products */;
			projectDirPath = "";
			projectRoot = "";
			targets = (
				846DDAF61D7B058E00B57C22 /* zeptobird */,
			);
		};
/* End PBXProject section */

/* Begin PBXResourcesBuildPhase section */
		846DDAF51D7B058E00B57C22 /* Resources */ = {
			isa = PBXResourcesBuildPhase;
			buildActionMask = 2147483647;
			files = (
				8409053B1D840BD100550B08 /* model_fragment.glsl in Resources */,
				846DDB0B1D7B058F00B57C22 /* Assets.xcassets in Resources */,
				840905491D84158B00550B08 /* menu.mp3 in Resources */,
				84F770E01D85255A00BB2F5D /* widget_vertex.glsl in Resources */,
				84F770DF1D85255A00BB2F5D /* widget_fragment.glsl in Resources */,
				84F770D31D84720400BB2F5D /* LaunchScreen.storyboard in Resources */,
				840905451D840F4800550B08 /* coin.mp3 in Resources */,
				8409053C1D840BD100550B08 /* model_vertex.glsl in Resources */,
				84FD9B141D7B597F00922F1D /* MainWindow.xib in Resources */,
				8409053A1D840BD100550B08 /* theme.mp3 in Resources */,
				840905471D84109100550B08 /* game-over.mp3 in Resources */,
				845ABE251D7CAB9D00F564AC /* CMakeLists.txt in Resources */,
				84EE839B1D8596A000759455 /* alphabet.txt in Resources */,
			);
			runOnlyForDeploymentPostprocessing = 0;
		};
/* End PBXResourcesBuildPhase section */

/* Begin PBXSourcesBuildPhase section */
		846DDAF31D7B058E00B57C22 /* Sources */ = {
			isa = PBXSourcesBuildPhase;
			buildActionMask = 2147483647;
			files = (
				840905631D8438AB00550B08 /* zgame_scene_logic.cpp in Sources */,
				846DDAFF1D7B058F00B57C22 /* AppDelegate.mm in Sources */,
				845ABE2A1D7CAB9D00F564AC /* ibody.cpp in Sources */,
				84BBD9311D8B37310089A277 /* zpoint.cpp in Sources */,
				84FD9B001D7B4FAA00922F1D /* GLViewController.mm in Sources */,
				84BBD90E1D89C6A60089A277 /* zdebug.cpp in Sources */,
				840905651D8438AB00550B08 /* zscene_hero_object.cpp in Sources */,
				84E21E671D8C580600C4F4B1 /* zscene_invisible_object.cpp in Sources */,
				840905751D84538700550B08 /* zmodel.cpp in Sources */,
				846DDAFC1D7B058E00B57C22 /* main.m in Sources */,
				844450861D8EC1DF006C8DD4 /* zplatform.cpp in Sources */,
				845ABE321D7CAB9D00F564AC /* zcolor.cpp in Sources */,
				84BBD9231D89E4940089A277 /* zmat44.cpp in Sources */,
				84F770DC1D85210400BB2F5D /* zgles2_program.cpp in Sources */,
				84C9E0551D85435600517A16 /* zgles2_texture.cpp in Sources */,
				845ABE301D7CAB9D00F564AC /* zgles2_render.cpp in Sources */,
				845ABE2D1D7CAB9D00F564AC /* zworld.cpp in Sources */,
				8444508C1D8ED5B2006C8DD4 /* zrecord.cpp in Sources */,
				84E3F1FF1D7F32350062ADD6 /* zaabb.cpp in Sources */,
				84BBD90D1D89C6A60089A277 /* idebug.cpp in Sources */,
				84BBD90F1D89C6A60089A277 /* zfps_calculator.cpp in Sources */,
				84E21E631D8C57D700C4F4B1 /* zprofiler.cpp in Sources */,
				84BBD9211D89C7890089A277 /* zmenu_scene_block.cpp in Sources */,
				8409057C1D84587C00550B08 /* zwidget.cpp in Sources */,
				845ABE3E1D7CADC700F564AC /* zgame.cpp in Sources */,
				849580C81DA4D20300BEE7B0 /* zui_input.cpp in Sources */,
				84BBD9101D89C6A60089A277 /* znodebug.cpp in Sources */,
				8444507E1D8D4275006C8DD4 /* ianimation.cpp in Sources */,
				840905681D8438AB00550B08 /* zmenu_scene.cpp in Sources */,
				84EE83A11D85CB9500759455 /* zwidget_builder.cpp in Sources */,
				8409056F1D8439D200550B08 /* ztext_widget.cpp in Sources */,
				845ABE261D7CAB9D00F564AC /* zframework.cpp in Sources */,
				840905671D8438AB00550B08 /* zscene_wall_object.cpp in Sources */,
				84BBD91D1D89C7240089A277 /* zvec2.cpp in Sources */,
				84BBD9261D89E5180089A277 /* zvec4.cpp in Sources */,
				84EE83A41D85F20200759455 /* zcolor_widget.cpp in Sources */,
				84BBD92B1D8B274D0089A277 /* zsize.cpp in Sources */,
				845ABE371D7CAB9D00F564AC /* iscene_object.cpp in Sources */,
				845ABE2E1D7CAB9D00F564AC /* iresource.cpp in Sources */,
				840905621D8438AB00550B08 /* zgame_scene.cpp in Sources */,
				844450831D8D5766006C8DD4 /* zsingle_scale_animation.cpp in Sources */,
				84BBD92E1D8B346C0089A277 /* zrect.cpp in Sources */,
				8409054C1D84342D00550B08 /* iscene.cpp in Sources */,
				845ABE2C1D7CAB9D00F564AC /* zrect_body.cpp in Sources */,
				84FD9B521D7C076000922F1D /* ios_resource.mm in Sources */,
				84FD9AF51D7B4E8000922F1D /* EAGlView.mm in Sources */,
				840905761D84538700550B08 /* zmodel_builder.cpp in Sources */,
				844450801D8D4275006C8DD4 /* zscale_animation.cpp in Sources */,
				84BBD9371D8B52360089A277 /* zinput.cpp in Sources */,
				845ABE311D7CAB9D00F564AC /* irender.cpp in Sources */,
				84BBD91E1D89C7240089A277 /* zvec3.cpp in Sources */,
				845ABE2B1D7CAB9D00F564AC /* zcircle_body.cpp in Sources */,
				840905341D84083A00550B08 /* isound.cpp in Sources */,
				8409053F1D840C1D00550B08 /* ios_sound.mm in Sources */,
				84BBD91C1D89C7240089A277 /* zmat33.cpp in Sources */,
				8444507F1D8D4275006C8DD4 /* zempty_animation.cpp in Sources */,
				840905641D8438AB00550B08 /* zscene_coin_object.cpp in Sources */,
				84BBD9031D89C6970089A277 /* irenderable.cpp in Sources */,
			);
			runOnlyForDeploymentPostprocessing = 0;
		};
/* End PBXSourcesBuildPhase section */

/* Begin PBXVariantGroup section */
		84F770D11D84720400BB2F5D /* LaunchScreen.storyboard */ = {
			isa = PBXVariantGroup;
			children = (
				84F770D21D84720400BB2F5D /* Base */,
			);
			name = LaunchScreen.storyboard;
			sourceTree = "<group>";
		};
		84FD9B121D7B597F00922F1D /* MainWindow.xib */ = {
			isa = PBXVariantGroup;
			children = (
				84FD9B131D7B597F00922F1D /* Base */,
			);
			name = MainWindow.xib;
			sourceTree = "<group>";
		};
/* End PBXVariantGroup section */

/* Begin XCBuildConfiguration section */
		846DDB101D7B058F00B57C22 /* Debug */ = {
			isa = XCBuildConfiguration;
			buildSettings = {
				ALWAYS_SEARCH_USER_PATHS = NO;
				CLANG_ANALYZER_NONNULL = YES;
				CLANG_CXX_LANGUAGE_STANDARD = "gnu++0x";
				CLANG_CXX_LIBRARY = "libc++";
				CLANG_ENABLE_MODULES = YES;
				CLANG_ENABLE_OBJC_ARC = YES;
				CLANG_WARN_BOOL_CONVERSION = YES;
				CLANG_WARN_CONSTANT_CONVERSION = YES;
				CLANG_WARN_DIRECT_OBJC_ISA_USAGE = YES_ERROR;
				CLANG_WARN_EMPTY_BODY = YES;
				CLANG_WARN_ENUM_CONVERSION = YES;
				CLANG_WARN_INFINITE_RECURSION = YES;
				CLANG_WARN_INT_CONVERSION = YES;
				CLANG_WARN_OBJC_ROOT_CLASS = YES_ERROR;
				CLANG_WARN_SUSPICIOUS_MOVE = YES;
				CLANG_WARN_UNREACHABLE_CODE = YES;
				CLANG_WARN__DUPLICATE_METHOD_MATCH = YES;
				"CODE_SIGN_IDENTITY[sdk=iphoneos*]" = "iPhone Developer";
				COPY_PHASE_STRIP = NO;
				DEBUG_INFORMATION_FORMAT = "dwarf-with-dsym";
				ENABLE_STRICT_OBJC_MSGSEND = YES;
				ENABLE_TESTABILITY = YES;
				GCC_C_LANGUAGE_STANDARD = gnu99;
				GCC_DYNAMIC_NO_PIC = NO;
				GCC_NO_COMMON_BLOCKS = YES;
				GCC_OPTIMIZATION_LEVEL = 0;
				GCC_PREPROCESSOR_DEFINITIONS = (
					"DEBUG=1",
					"$(inherited)",
				);
				GCC_WARN_64_TO_32_BIT_CONVERSION = YES;
				GCC_WARN_ABOUT_RETURN_TYPE = YES_ERROR;
				GCC_WARN_UNDECLARED_SELECTOR = YES;
				GCC_WARN_UNINITIALIZED_AUTOS = YES_AGGRESSIVE;
				GCC_WARN_UNUSED_FUNCTION = YES;
				GCC_WARN_UNUSED_VARIABLE = YES;
				IPHONEOS_DEPLOYMENT_TARGET = 9.3;
				MTL_ENABLE_DEBUG_INFO = YES;
				ONLY_ACTIVE_ARCH = YES;
				SDKROOT = iphoneos;
				TARGETED_DEVICE_FAMILY = "1,2";
			};
			name = Debug;
		};
		846DDB111D7B058F00B57C22 /* Release */ = {
			isa = XCBuildConfiguration;
			buildSettings = {
				ALWAYS_SEARCH_USER_PATHS = NO;
				CLANG_ANALYZER_NONNULL = YES;
				CLANG_CXX_LANGUAGE_STANDARD = "gnu++0x";
				CLANG_CXX_LIBRARY = "libc++";
				CLANG_ENABLE_MODULES = YES;
				CLANG_ENABLE_OBJC_ARC = YES;
				CLANG_WARN_BOOL_CONVERSION = YES;
				CLANG_WARN_CONSTANT_CONVERSION = YES;
				CLANG_WARN_DIRECT_OBJC_ISA_USAGE = YES_ERROR;
				CLANG_WARN_EMPTY_BODY = YES;
				CLANG_WARN_ENUM_CONVERSION = YES;
				CLANG_WARN_INFINITE_RECURSION = YES;
				CLANG_WARN_INT_CONVERSION = YES;
				CLANG_WARN_OBJC_ROOT_CLASS = YES_ERROR;
				CLANG_WARN_SUSPICIOUS_MOVE = YES;
				CLANG_WARN_UNREACHABLE_CODE = YES;
				CLANG_WARN__DUPLICATE_METHOD_MATCH = YES;
				"CODE_SIGN_IDENTITY[sdk=iphoneos*]" = "iPhone Developer";
				COPY_PHASE_STRIP = NO;
				DEBUG_INFORMATION_FORMAT = "dwarf-with-dsym";
				ENABLE_NS_ASSERTIONS = NO;
				ENABLE_STRICT_OBJC_MSGSEND = YES;
				GCC_C_LANGUAGE_STANDARD = gnu99;
				GCC_NO_COMMON_BLOCKS = YES;
				GCC_WARN_64_TO_32_BIT_CONVERSION = YES;
				GCC_WARN_ABOUT_RETURN_TYPE = YES_ERROR;
				GCC_WARN_UNDECLARED_SELECTOR = YES;
				GCC_WARN_UNINITIALIZED_AUTOS = YES_AGGRESSIVE;
				GCC_WARN_UNUSED_FUNCTION = YES;
				GCC_WARN_UNUSED_VARIABLE = YES;
				IPHONEOS_DEPLOYMENT_TARGET = 9.3;
				MTL_ENABLE_DEBUG_INFO = NO;
				SDKROOT = iphoneos;
				TARGETED_DEVICE_FAMILY = "1,2";
				VALIDATE_PRODUCT = YES;
			};
			name = Release;
		};
		846DDB131D7B058F00B57C22 /* Debug */ = {
			isa = XCBuildConfiguration;
			buildSettings = {
				ASSETCATALOG_COMPILER_APPICON_NAME = AppIcon;
				ASSETCATALOG_COMPILER_LAUNCHIMAGE_NAME = "Brand Assets";
				CLANG_CXX_LANGUAGE_STANDARD = "c++0x";
				CODE_SIGN_IDENTITY = "iPhone Developer";
				"CODE_SIGN_IDENTITY[sdk=iphoneos*]" = "iPhone Developer";
				DEVELOPMENT_TEAM = "";
				GCC_C_LANGUAGE_STANDARD = c11;
				GCC_ENABLE_CPP_EXCEPTIONS = NO;
				HEADER_SEARCH_PATHS = ../../shared;
				INFOPLIST_FILE = "$(SRCROOT)/zeptobird/Info.plist";
				IPHONEOS_DEPLOYMENT_TARGET = 9.0;
				LD_RUNPATH_SEARCH_PATHS = "$(inherited) @executable_path/Frameworks";
				PRODUCT_BUNDLE_IDENTIFIER = com.proydakov.zeptobird;
				PRODUCT_NAME = zeptobird;
				PROVISIONING_PROFILE = "";
				TARGETED_DEVICE_FAMILY = "1,2";
			};
			name = Debug;
		};
		846DDB141D7B058F00B57C22 /* Release */ = {
			isa = XCBuildConfiguration;
			buildSettings = {
				ASSETCATALOG_COMPILER_APPICON_NAME = AppIcon;
				ASSETCATALOG_COMPILER_LAUNCHIMAGE_NAME = "Brand Assets";
				CLANG_CXX_LANGUAGE_STANDARD = "c++0x";
				CODE_SIGN_IDENTITY = "iPhone Developer";
				"CODE_SIGN_IDENTITY[sdk=iphoneos*]" = "iPhone Developer";
				DEVELOPMENT_TEAM = "";
				GCC_C_LANGUAGE_STANDARD = c11;
				GCC_ENABLE_CPP_EXCEPTIONS = NO;
				HEADER_SEARCH_PATHS = ../../shared;
				INFOPLIST_FILE = "$(SRCROOT)/zeptobird/Info.plist";
				IPHONEOS_DEPLOYMENT_TARGET = 9.0;
				LD_RUNPATH_SEARCH_PATHS = "$(inherited) @executable_path/Frameworks";
				PRODUCT_BUNDLE_IDENTIFIER = com.proydakov.zeptobird;
				PRODUCT_NAME = zeptobird;
				PROVISIONING_PROFILE = "";
				TARGETED_DEVICE_FAMILY = "1,2";
			};
			name = Release;
		};
/* End XCBuildConfiguration section */

/* Begin XCConfigurationList section */
		846DDAF21D7B058E00B57C22 /* Build configuration list for PBXProject "zeptobird" */ = {
			isa = XCConfigurationList;
			buildConfigurations = (
				846DDB101D7B058F00B57C22 /* Debug */,
				846DDB111D7B058F00B57C22 /* Release */,
			);
			defaultConfigurationIsVisible = 0;
			defaultConfigurationName = Release;
		};
		846DDB121D7B058F00B57C22 /* Build configuration list for PBXNativeTarget "zeptobird" */ = {
			isa = XCConfigurationList;
			buildConfigurations = (
				846DDB131D7B058F00B57C22 /* Debug */,
				846DDB141D7B058F00B57C22 /* Release */,
			);
			defaultConfigurationIsVisible = 0;
			defaultConfigurationName = Release;
		};
/* End XCConfigurationList section */
	};
	rootObject = 846DDAEF1D7B058E00B57C22 /* Project object */;
}
